
Microsoft Visual Studio Solution File, Format Version 12.00
# Visual Studio Version 17
VisualStudioVersion = 17.7.34018.315
MinimumVisualStudioVersion = 10.0.40219.1
Project("{FAE04EC0-301F-11D3-BF4B-00C04F79EFBC}") = "D&D", "D&D\D&D.csproj", "{47E4B629-BB8E-432C-AD02-7DE510061859}"
EndProject
Global
	GlobalSection(SolutionConfigurationPlatforms) = preSolution
		Debug|Any CPU = Debug|Any CPU
		Release|Any CPU = Release|Any CPU
	EndGlobalSection
	GlobalSection(ProjectConfigurationPlatforms) = postSolution
		{47E4B629-BB8E-432C-AD02-7DE510061859}.Debug|Any CPU.ActiveCfg = Debug|Any CPU
		{47E4B629-BB8E-432C-AD02-7DE510061859}.Debug|Any CPU.Build.0 = Debug|Any CPU
		{47E4B629-BB8E-432C-AD02-7DE510061859}.Release|Any CPU.ActiveCfg = Release|Any CPU
		{47E4B629-BB8E-432C-AD02-7DE510061859}.Release|Any CPU.Build.0 = Release|Any CPU
	EndGlobalSection
	GlobalSection(SolutionProperties) = preSolution
		HideSolutionNode = FALSE
	EndGlobalSection
	GlobalSection(ExtensibilityGlobals) = postSolution
		SolutionGuid = {1DE912E0-135C-4D75-8275-738C3B5484AF}
	EndGlobalSection
EndGlobal
